
Microsoft Visual Studio Solution File, Format Version 12.00
# Visual Studio Version 17
VisualStudioVersion = 17.5.33424.131
MinimumVisualStudioVersion = 10.0.40219.1
Project("{FAE04EC0-301F-11D3-BF4B-00C04F79EFBC}") = "hmmassoterapia", "hmmassoterapia.csproj", "{B695DDE0-DA16-4D00-B0D5-8392CF2D42F9}"
EndProject
Global
	GlobalSection(SolutionConfigurationPlatforms) = preSolution
		Debug|Any CPU = Debug|Any CPU
		Release|Any CPU = Release|Any CPU
	EndGlobalSection
	GlobalSection(ProjectConfigurationPlatforms) = postSolution
		{B695DDE0-DA16-4D00-B0D5-8392CF2D42F9}.Debug|Any CPU.ActiveCfg = Debug|Any CPU
		{B695DDE0-DA16-4D00-B0D5-8392CF2D42F9}.Debug|Any CPU.Build.0 = Debug|Any CPU
		{B695DDE0-DA16-4D00-B0D5-8392CF2D42F9}.Release|Any CPU.ActiveCfg = Release|Any CPU
		{B695DDE0-DA16-4D00-B0D5-8392CF2D42F9}.Release|Any CPU.Build.0 = Release|Any CPU
	EndGlobalSection
	GlobalSection(SolutionProperties) = preSolution
		HideSolutionNode = FALSE
	EndGlobalSection
	GlobalSection(ExtensibilityGlobals) = postSolution
		SolutionGuid = {8FE35C9C-DA9C-47FC-A10D-76C1674BEE4C}
	EndGlobalSection
EndGlobal
